Microsoft Visual Studio Solution File, Format Version 11.00
# Visual Studio 2008

Project("{844C4F9C-43D3-6118-3251-7ADB63CC129C}") = "Cubes Games VR", "Assembly-CSharp.csproj", "{0356E0A7-BC6A-7105-5258-96AFA3610880}"
EndProject
Global
	GlobalSection(SolutionConfigurationPlatforms) = preSolution
		Debug|Any CPU = Debug|Any CPU
		Release|Any CPU = Release|Any CPU
	EndGlobalSection
	GlobalSection(ProjectConfigurationPlatforms) = postSolution
		{0356E0A7-BC6A-7105-5258-96AFA3610880}.Debug|Any CPU.ActiveCfg = Debug|Any CPU
		{0356E0A7-BC6A-7105-5258-96AFA3610880}.Debug|Any CPU.Build.0 = Debug|Any CPU
		{0356E0A7-BC6A-7105-5258-96AFA3610880}.Release|Any CPU.ActiveCfg = Release|Any CPU
		{0356E0A7-BC6A-7105-5258-96AFA3610880}.Release|Any CPU.Build.0 = Release|Any CPU
	EndGlobalSection
	GlobalSection(SolutionProperties) = preSolution
		HideSolutionNode = FALSE
	EndGlobalSection
	GlobalSection(MonoDevelopProperties) = preSolution
		StartupItem = Assembly-CSharp.csproj
	EndGlobalSection
EndGlobal
